
Microsoft Visual Studio Solution File, Format Version 12.00
# Visual Studio 14
VisualStudioVersion = 14.0.25420.1
MinimumVisualStudioVersion = 10.0.40219.1
Project("{2150E333-8FDC-42A3-9474-1A3956D46DE8}") = "source", "source", "{A6EDBF1B-BD2B-4271-B7BC-DF35AEF7A30A}"
EndProject
Project("{2150E333-8FDC-42A3-9474-1A3956D46DE8}") = "3rdparty", "3rdparty", "{AF5FD2EF-E05B-45DB-9360-EE9CC76B6F68}"
EndProject
Project("{2150E333-8FDC-42A3-9474-1A3956D46DE8}") = "hts_engine API", "hts_engine API", "{6252CA0B-2A54-463E-A4FD-AF84BF2E2F64}"
EndProject
Project("{2150E333-8FDC-42A3-9474-1A3956D46DE8}") = "Open JTalk", "Open JTalk", "{04210029-2F07-44AA-ABAA-BFD86BFC6D1A}"
EndProject
Project("{2150E333-8FDC-42A3-9474-1A3956D46DE8}") = "plugins", "plugins", "{16B0AC46-7D8F-44D3-B60B-0EAF796DB86B}"
EndProject
Project("{2150E333-8FDC-42A3-9474-1A3956D46DE8}") = "1stparty", "1stparty", "{7519547E-1AF2-499D-B2C8-7B43EF1554E9}"
EndProject
Project("{2150E333-8FDC-42A3-9474-1A3956D46DE8}") = "Crypto++", "Crypto++", "{D6618E34-3B27-400C-9065-D9734F8478DB}"
EndProject
Project("{2150E333-8FDC-42A3-9474-1A3956D46DE8}") = "libHaru", "libHaru", "{23B121DA-FD0E-45AF-B7B0-5033BFF520A4}"
EndProject
Project("{2150E333-8FDC-42A3-9474-1A3956D46DE8}") = "libpng", "libpng", "{CAD43757-AF48-4149-9E37-7228CD99B87B}"
EndProject
Project("{2150E333-8FDC-42A3-9474-1A3956D46DE8}") = "zlib", "zlib", "{AE145BA2-05B3-4A92-B044-8EE4EA565143}"
EndProject
Project("{8BC9CEB8-8B4A-11D0-8D11-00A0C91BC942}") = "HTSEngine", "3rdparty\hts_engine API\HTSEngine.vcxproj", "{986853A1-722B-4296-A4B0-A4F83C651777}"
EndProject
Project("{8BC9CEB8-8B4A-11D0-8D11-00A0C91BC942}") = "jpcommon", "3rdparty\Open JTalk\jpcommon.vcxproj", "{F3FAA179-BC8A-4F70-8AEE-20265CDB2825}"
EndProject
Project("{8BC9CEB8-8B4A-11D0-8D11-00A0C91BC942}") = "mecab", "3rdparty\Open JTalk\mecab.vcxproj", "{0AF3D1A2-4028-4AC2-941E-983B685B5282}"
EndProject
Project("{8BC9CEB8-8B4A-11D0-8D11-00A0C91BC942}") = "mecab2njd", "3rdparty\Open JTalk\mecab2njd.vcxproj", "{33A2814A-1764-4CB6-B0C2-A29E715830E9}"
EndProject
Project("{8BC9CEB8-8B4A-11D0-8D11-00A0C91BC942}") = "njd", "3rdparty\Open JTalk\njd.vcxproj", "{636F2D95-9F1C-4B03-A22E-905CC39F49D7}"
EndProject
Project("{8BC9CEB8-8B4A-11D0-8D11-00A0C91BC942}") = "njd_set_accent_phrase", "3rdparty\Open JTalk\njd_set_accent_phrase.vcxproj", "{C928F8F4-9BEB-420C-B3CA-14D0778D1F7B}"
EndProject
Project("{8BC9CEB8-8B4A-11D0-8D11-00A0C91BC942}") = "njd_set_accent_type", "3rdparty\Open JTalk\njd_set_accent_type.vcxproj", "{3393CFF0-2550-404D-94B1-9EB82E9CF2D9}"
EndProject
Project("{8BC9CEB8-8B4A-11D0-8D11-00A0C91BC942}") = "njd_set_digit", "3rdparty\Open JTalk\njd_set_digit.vcxproj", "{0114F7A6-18BE-47E8-8571-86557474AEF7}"
EndProject
Project("{8BC9CEB8-8B4A-11D0-8D11-00A0C91BC942}") = "njd_set_long_vowel", "3rdparty\Open JTalk\njd_set_long_vowel.vcxproj", "{0E209CB6-5C64-4640-B567-63D8AD4F81A9}"
EndProject
Project("{8BC9CEB8-8B4A-11D0-8D11-00A0C91BC942}") = "njd_set_pronunciation", "3rdparty\Open JTalk\njd_set_pronunciation.vcxproj", "{EDEA0BAB-8DA2-492E-BFEB-3948230E1F46}"
EndProject
Project("{8BC9CEB8-8B4A-11D0-8D11-00A0C91BC942}") = "njd_set_unvoiced_vowel", "3rdparty\Open JTalk\njd_set_unvoiced_vowel.vcxproj", "{D727DBFF-EE5F-4307-A37F-33D8DAE68E2C}"
EndProject
Project("{8BC9CEB8-8B4A-11D0-8D11-00A0C91BC942}") = "njd2jpcommon", "3rdparty\Open JTalk\njd2jpcommon.vcxproj", "{576CF895-CBB4-49A7-A2E2-62F2B4D2C8F2}"
EndProject
Project("{8BC9CEB8-8B4A-11D0-8D11-00A0C91BC942}") = "text2mecab", "3rdparty\Open JTalk\text2mecab.vcxproj", "{29FB2828-2A74-4843-B31A-F7E3318D39BB}"
EndProject
Project("{8BC9CEB8-8B4A-11D0-8D11-00A0C91BC942}") = "cryptlib", "3rdparty\Crypto++\cryptlib.vcxproj", "{3423EC9A-52E4-4A4D-9753-EDEBC38785EF}"
EndProject
Project("{8BC9CEB8-8B4A-11D0-8D11-00A0C91BC942}") = "libhpdf", "3rdparty\libHaru\libhpdf.vcxproj", "{5AC84D3E-3EBB-4BC0-9D59-481F3A909317}"
EndProject
Project("{8BC9CEB8-8B4A-11D0-8D11-00A0C91BC942}") = "libpng", "3rdparty\libpng\libpng.vcxproj", "{DFB51879-7539-420C-8AB5-38EDDFE6CE1B}"
EndProject
Project("{8BC9CEB8-8B4A-11D0-8D11-00A0C91BC942}") = "zlib", "3rdparty\zlib\zlib.vcxproj", "{496E4F4A-6AF1-4A8C-AD1B-9D50D02E2A91}"
EndProject
Project("{8BC9CEB8-8B4A-11D0-8D11-00A0C91BC942}") = "license creator", "1stparty\license creator\license creator.vcxproj", "{B12702AD-ABFB-343A-A199-8E24837244A3}"
EndProject
Project("{8BC9CEB8-8B4A-11D0-8D11-00A0C91BC942}") = "rsa", "1stparty\rsa\rsa.vcxproj", "{FA557EB5-6D73-4647-835E-2E21FFE41F0C}"
EndProject
Project("{8BC9CEB8-8B4A-11D0-8D11-00A0C91BC942}") = "RSA key generator", "1stparty\RSA key generator\RSA key generator.vcxproj", "{7341A11A-C697-4D27-A1D9-8F71EF9124B5}"
EndProject
Project("{8BC9CEB8-8B4A-11D0-8D11-00A0C91BC942}") = "Vocabulary Master", "source\Vocabulary Master.vcxproj", "{AE8D00E5-E6F2-41BC-AAE5-954585329B07}"
EndProject
Project("{8BC9CEB8-8B4A-11D0-8D11-00A0C91BC942}") = "exp-html", "plugins\exp-html\exp-html.vcxproj", "{7E1B06B9-7D59-4F26-8BD5-8A66DBCB99D8}"
EndProject
Project("{8BC9CEB8-8B4A-11D0-8D11-00A0C91BC942}") = "exp-pdf", "plugins\exp-pdf\exp-pdf.vcxproj", "{4190529F-E47A-458C-9259-3FBAA20381BD}"
EndProject
Project("{8BC9CEB8-8B4A-11D0-8D11-00A0C91BC942}") = "exp-plaintext", "plugins\exp-plaintext\exp-plaintext.vcxproj", "{BF01CC9E-1BA5-4D16-A528-B19EADF326C6}"
EndProject
Project("{8BC9CEB8-8B4A-11D0-8D11-00A0C91BC942}") = "imp-anki", "plugins\imp-anki\imp-anki.vcxproj", "{2C2569A4-CFBC-4C8F-BA00-5A85203D9D3D}"
EndProject
Project("{8BC9CEB8-8B4A-11D0-8D11-00A0C91BC942}") = "imp-plaintext", "plugins\imp-plaintext\imp-plaintext.vcxproj", "{229CE2D1-5FE0-4944-92D6-C502FC397F2D}"
EndProject
Project("{8BC9CEB8-8B4A-11D0-8D11-00A0C91BC942}") = "tts-openjtalk", "plugins\tts-openjtalk\tts-openjtalk.vcxproj", "{FDAF15A4-D6A7-45BE-97D7-639DEF84582B}"
EndProject
Project("{8BC9CEB8-8B4A-11D0-8D11-00A0C91BC942}") = "tts-sapi", "plugins\tts-sapi\tts-sapi.vcxproj", "{50D381F9-7A0C-4769-A830-8DC75BED7130}"
EndProject
Global
	GlobalSection(SolutionConfigurationPlatforms) = preSolution
		Debug|Win32 = Debug|Win32
		DebugFreeEdition|Win32 = DebugFreeEdition|Win32
		Release|Win32 = Release|Win32
		ReleaseFreeEdition|Win32 = ReleaseFreeEdition|Win32
	EndGlobalSection
	GlobalSection(ProjectConfigurationPlatforms) = postSolution
		{986853A1-722B-4296-A4B0-A4F83C651777}.Debug|Win32.ActiveCfg = Debug|Win32
		{986853A1-722B-4296-A4B0-A4F83C651777}.Debug|Win32.Build.0 = Debug|Win32
		{986853A1-722B-4296-A4B0-A4F83C651777}.DebugFreeEdition|Win32.ActiveCfg = Debug|Win32
		{986853A1-722B-4296-A4B0-A4F83C651777}.Release|Win32.ActiveCfg = Release|Win32
		{986853A1-722B-4296-A4B0-A4F83C651777}.Release|Win32.Build.0 = Release|Win32
		{986853A1-722B-4296-A4B0-A4F83C651777}.ReleaseFreeEdition|Win32.ActiveCfg = Release|Win32
		{F3FAA179-BC8A-4F70-8AEE-20265CDB2825}.Debug|Win32.ActiveCfg = Debug|Win32
		{F3FAA179-BC8A-4F70-8AEE-20265CDB2825}.Debug|Win32.Build.0 = Debug|Win32
		{F3FAA179-BC8A-4F70-8AEE-20265CDB2825}.DebugFreeEdition|Win32.ActiveCfg = Debug|Win32
		{F3FAA179-BC8A-4F70-8AEE-20265CDB2825}.Release|Win32.ActiveCfg = Release|Win32
		{F3FAA179-BC8A-4F70-8AEE-20265CDB2825}.Release|Win32.Build.0 = Release|Win32
		{F3FAA179-BC8A-4F70-8AEE-20265CDB2825}.ReleaseFreeEdition|Win32.ActiveCfg = Release|Win32
		{0AF3D1A2-4028-4AC2-941E-983B685B5282}.Debug|Win32.ActiveCfg = Debug|Win32
		{0AF3D1A2-4028-4AC2-941E-983B685B5282}.Debug|Win32.Build.0 = Debug|Win32
		{0AF3D1A2-4028-4AC2-941E-983B685B5282}.DebugFreeEdition|Win32.ActiveCfg = Debug|Win32
		{0AF3D1A2-4028-4AC2-941E-983B685B5282}.Release|Win32.ActiveCfg = Release|Win32
		{0AF3D1A2-4028-4AC2-941E-983B685B5282}.Release|Win32.Build.0 = Release|Win32
		{0AF3D1A2-4028-4AC2-941E-983B685B5282}.ReleaseFreeEdition|Win32.ActiveCfg = Release|Win32
		{33A2814A-1764-4CB6-B0C2-A29E715830E9}.Debug|Win32.ActiveCfg = Debug|Win32
		{33A2814A-1764-4CB6-B0C2-A29E715830E9}.Debug|Win32.Build.0 = Debug|Win32
		{33A2814A-1764-4CB6-B0C2-A29E715830E9}.DebugFreeEdition|Win32.ActiveCfg = Debug|Win32
		{33A2814A-1764-4CB6-B0C2-A29E715830E9}.Release|Win32.ActiveCfg = Release|Win32
		{33A2814A-1764-4CB6-B0C2-A29E715830E9}.Release|Win32.Build.0 = Release|Win32
		{33A2814A-1764-4CB6-B0C2-A29E715830E9}.ReleaseFreeEdition|Win32.ActiveCfg = Release|Win32
		{636F2D95-9F1C-4B03-A22E-905CC39F49D7}.Debug|Win32.ActiveCfg = Debug|Win32
		{636F2D95-9F1C-4B03-A22E-905CC39F49D7}.Debug|Win32.Build.0 = Debug|Win32
		{636F2D95-9F1C-4B03-A22E-905CC39F49D7}.DebugFreeEdition|Win32.ActiveCfg = Debug|Win32
		{636F2D95-9F1C-4B03-A22E-905CC39F49D7}.Release|Win32.ActiveCfg = Release|Win32
		{636F2D95-9F1C-4B03-A22E-905CC39F49D7}.Release|Win32.Build.0 = Release|Win32
		{636F2D95-9F1C-4B03-A22E-905CC39F49D7}.ReleaseFreeEdition|Win32.ActiveCfg = Release|Win32
		{C928F8F4-9BEB-420C-B3CA-14D0778D1F7B}.Debug|Win32.ActiveCfg = Debug|Win32
		{C928F8F4-9BEB-420C-B3CA-14D0778D1F7B}.Debug|Win32.Build.0 = Debug|Win32
		{C928F8F4-9BEB-420C-B3CA-14D0778D1F7B}.DebugFreeEdition|Win32.ActiveCfg = Debug|Win32
		{C928F8F4-9BEB-420C-B3CA-14D0778D1F7B}.Release|Win32.ActiveCfg = Release|Win32
		{C928F8F4-9BEB-420C-B3CA-14D0778D1F7B}.Release|Win32.Build.0 = Release|Win32
		{C928F8F4-9BEB-420C-B3CA-14D0778D1F7B}.ReleaseFreeEdition|Win32.ActiveCfg = Release|Win32
		{3393CFF0-2550-404D-94B1-9EB82E9CF2D9}.Debug|Win32.ActiveCfg = Debug|Win32
		{3393CFF0-2550-404D-94B1-9EB82E9CF2D9}.Debug|Win32.Build.0 = Debug|Win32
		{3393CFF0-2550-404D-94B1-9EB82E9CF2D9}.DebugFreeEdition|Win32.ActiveCfg = Debug|Win32
		{3393CFF0-2550-404D-94B1-9EB82E9CF2D9}.Release|Win32.ActiveCfg = Release|Win32
		{3393CFF0-2550-404D-94B1-9EB82E9CF2D9}.Release|Win32.Build.0 = Release|Win32
		{3393CFF0-2550-404D-94B1-9EB82E9CF2D9}.ReleaseFreeEdition|Win32.ActiveCfg = Release|Win32
		{0114F7A6-18BE-47E8-8571-86557474AEF7}.Debug|Win32.ActiveCfg = Debug|Win32
		{0114F7A6-18BE-47E8-8571-86557474AEF7}.Debug|Win32.Build.0 = Debug|Win32
		{0114F7A6-18BE-47E8-8571-86557474AEF7}.DebugFreeEdition|Win32.ActiveCfg = Debug|Win32
		{0114F7A6-18BE-47E8-8571-86557474AEF7}.Release|Win32.ActiveCfg = Release|Win32
		{0114F7A6-18BE-47E8-8571-86557474AEF7}.Release|Win32.Build.0 = Release|Win32
		{0114F7A6-18BE-47E8-8571-86557474AEF7}.ReleaseFreeEdition|Win32.ActiveCfg = Release|Win32
		{0E209CB6-5C64-4640-B567-63D8AD4F81A9}.Debug|Win32.ActiveCfg = Debug|Win32
		{0E209CB6-5C64-4640-B567-63D8AD4F81A9}.Debug|Win32.Build.0 = Debug|Win32
		{0E209CB6-5C64-4640-B567-63D8AD4F81A9}.DebugFreeEdition|Win32.ActiveCfg = Debug|Win32
		{0E209CB6-5C64-4640-B567-63D8AD4F81A9}.Release|Win32.ActiveCfg = Release|Win32
		{0E209CB6-5C64-4640-B567-63D8AD4F81A9}.Release|Win32.Build.0 = Release|Win32
		{0E209CB6-5C64-4640-B567-63D8AD4F81A9}.ReleaseFreeEdition|Win32.ActiveCfg = Release|Win32
		{EDEA0BAB-8DA2-492E-BFEB-3948230E1F46}.Debug|Win32.ActiveCfg = Debug|Win32
		{EDEA0BAB-8DA2-492E-BFEB-3948230E1F46}.Debug|Win32.Build.0 = Debug|Win32
		{EDEA0BAB-8DA2-492E-BFEB-3948230E1F46}.DebugFreeEdition|Win32.ActiveCfg = Debug|Win32
		{EDEA0BAB-8DA2-492E-BFEB-3948230E1F46}.Release|Win32.ActiveCfg = Release|Win32
		{EDEA0BAB-8DA2-492E-BFEB-3948230E1F46}.Release|Win32.Build.0 = Release|Win32
		{EDEA0BAB-8DA2-492E-BFEB-3948230E1F46}.ReleaseFreeEdition|Win32.ActiveCfg = Release|Win32
		{D727DBFF-EE5F-4307-A37F-33D8DAE68E2C}.Debug|Win32.ActiveCfg = Debug|Win32
		{D727DBFF-EE5F-4307-A37F-33D8DAE68E2C}.Debug|Win32.Build.0 = Debug|Win32
		{D727DBFF-EE5F-4307-A37F-33D8DAE68E2C}.DebugFreeEdition|Win32.ActiveCfg = Debug|Win32
		{D727DBFF-EE5F-4307-A37F-33D8DAE68E2C}.Release|Win32.ActiveCfg = Release|Win32
		{D727DBFF-EE5F-4307-A37F-33D8DAE68E2C}.Release|Win32.Build.0 = Release|Win32
		{D727DBFF-EE5F-4307-A37F-33D8DAE68E2C}.ReleaseFreeEdition|Win32.ActiveCfg = Release|Win32
		{576CF895-CBB4-49A7-A2E2-62F2B4D2C8F2}.Debug|Win32.ActiveCfg = Debug|Win32
		{576CF895-CBB4-49A7-A2E2-62F2B4D2C8F2}.Debug|Win32.Build.0 = Debug|Win32
		{576CF895-CBB4-49A7-A2E2-62F2B4D2C8F2}.DebugFreeEdition|Win32.ActiveCfg = Debug|Win32
		{576CF895-CBB4-49A7-A2E2-62F2B4D2C8F2}.Release|Win32.ActiveCfg = Release|Win32
		{576CF895-CBB4-49A7-A2E2-62F2B4D2C8F2}.Release|Win32.Build.0 = Release|Win32
		{576CF895-CBB4-49A7-A2E2-62F2B4D2C8F2}.ReleaseFreeEdition|Win32.ActiveCfg = Release|Win32
		{29FB2828-2A74-4843-B31A-F7E3318D39BB}.Debug|Win32.ActiveCfg = Debug|Win32
		{29FB2828-2A74-4843-B31A-F7E3318D39BB}.Debug|Win32.Build.0 = Debug|Win32
		{29FB2828-2A74-4843-B31A-F7E3318D39BB}.DebugFreeEdition|Win32.ActiveCfg = Debug|Win32
		{29FB2828-2A74-4843-B31A-F7E3318D39BB}.Release|Win32.ActiveCfg = Release|Win32
		{29FB2828-2A74-4843-B31A-F7E3318D39BB}.Release|Win32.Build.0 = Release|Win32
		{29FB2828-2A74-4843-B31A-F7E3318D39BB}.ReleaseFreeEdition|Win32.ActiveCfg = Release|Win32
		{3423EC9A-52E4-4A4D-9753-EDEBC38785EF}.Debug|Win32.ActiveCfg = Debug|Win32
		{3423EC9A-52E4-4A4D-9753-EDEBC38785EF}.Debug|Win32.Build.0 = Debug|Win32
		{3423EC9A-52E4-4A4D-9753-EDEBC38785EF}.DebugFreeEdition|Win32.ActiveCfg = Debug|Win32
		{3423EC9A-52E4-4A4D-9753-EDEBC38785EF}.Release|Win32.ActiveCfg = Release|Win32
		{3423EC9A-52E4-4A4D-9753-EDEBC38785EF}.Release|Win32.Build.0 = Release|Win32
		{3423EC9A-52E4-4A4D-9753-EDEBC38785EF}.ReleaseFreeEdition|Win32.ActiveCfg = Release|Win32
		{5AC84D3E-3EBB-4BC0-9D59-481F3A909317}.Debug|Win32.ActiveCfg = Debug|Win32
		{5AC84D3E-3EBB-4BC0-9D59-481F3A909317}.Debug|Win32.Build.0 = Debug|Win32
		{5AC84D3E-3EBB-4BC0-9D59-481F3A909317}.DebugFreeEdition|Win32.ActiveCfg = Debug|Win32
		{5AC84D3E-3EBB-4BC0-9D59-481F3A909317}.Release|Win32.ActiveCfg = Release|Win32
		{5AC84D3E-3EBB-4BC0-9D59-481F3A909317}.Release|Win32.Build.0 = Release|Win32
		{5AC84D3E-3EBB-4BC0-9D59-481F3A909317}.ReleaseFreeEdition|Win32.ActiveCfg = Release|Win32
		{DFB51879-7539-420C-8AB5-38EDDFE6CE1B}.Debug|Win32.ActiveCfg = Debug|Win32
		{DFB51879-7539-420C-8AB5-38EDDFE6CE1B}.Debug|Win32.Build.0 = Debug|Win32
		{DFB51879-7539-420C-8AB5-38EDDFE6CE1B}.DebugFreeEdition|Win32.ActiveCfg = Debug|Win32
		{DFB51879-7539-420C-8AB5-38EDDFE6CE1B}.Release|Win32.ActiveCfg = Release|Win32
		{DFB51879-7539-420C-8AB5-38EDDFE6CE1B}.Release|Win32.Build.0 = Release|Win32
		{DFB51879-7539-420C-8AB5-38EDDFE6CE1B}.ReleaseFreeEdition|Win32.ActiveCfg = Release|Win32
		{496E4F4A-6AF1-4A8C-AD1B-9D50D02E2A91}.Debug|Win32.ActiveCfg = Debug|Win32
		{496E4F4A-6AF1-4A8C-AD1B-9D50D02E2A91}.Debug|Win32.Build.0 = Debug|Win32
		{496E4F4A-6AF1-4A8C-AD1B-9D50D02E2A91}.DebugFreeEdition|Win32.ActiveCfg = Debug|Win32
		{496E4F4A-6AF1-4A8C-AD1B-9D50D02E2A91}.Release|Win32.ActiveCfg = Release|Win32
		{496E4F4A-6AF1-4A8C-AD1B-9D50D02E2A91}.Release|Win32.Build.0 = Release|Win32
		{496E4F4A-6AF1-4A8C-AD1B-9D50D02E2A91}.ReleaseFreeEdition|Win32.ActiveCfg = Release|Win32
		{B12702AD-ABFB-343A-A199-8E24837244A3}.Debug|Win32.ActiveCfg = Debug|Win32
		{B12702AD-ABFB-343A-A199-8E24837244A3}.Debug|Win32.Build.0 = Debug|Win32
		{B12702AD-ABFB-343A-A199-8E24837244A3}.DebugFreeEdition|Win32.ActiveCfg = Debug|Win32
		{B12702AD-ABFB-343A-A199-8E24837244A3}.Release|Win32.ActiveCfg = Release|Win32
		{B12702AD-ABFB-343A-A199-8E24837244A3}.Release|Win32.Build.0 = Release|Win32
		{B12702AD-ABFB-343A-A199-8E24837244A3}.ReleaseFreeEdition|Win32.ActiveCfg = Release|Win32
		{FA557EB5-6D73-4647-835E-2E21FFE41F0C}.Debug|Win32.ActiveCfg = Debug|Win32
		{FA557EB5-6D73-4647-835E-2E21FFE41F0C}.Debug|Win32.Build.0 = Debug|Win32
		{FA557EB5-6D73-4647-835E-2E21FFE41F0C}.DebugFreeEdition|Win32.ActiveCfg = Debug|Win32
		{FA557EB5-6D73-4647-835E-2E21FFE41F0C}.Release|Win32.ActiveCfg = Release|Win32
		{FA557EB5-6D73-4647-835E-2E21FFE41F0C}.Release|Win32.Build.0 = Release|Win32
		{FA557EB5-6D73-4647-835E-2E21FFE41F0C}.ReleaseFreeEdition|Win32.ActiveCfg = Release|Win32
		{7341A11A-C697-4D27-A1D9-8F71EF9124B5}.Debug|Win32.ActiveCfg = Debug|Win32
		{7341A11A-C697-4D27-A1D9-8F71EF9124B5}.Debug|Win32.Build.0 = Debug|Win32
		{7341A11A-C697-4D27-A1D9-8F71EF9124B5}.DebugFreeEdition|Win32.ActiveCfg = Debug|Win32
		{7341A11A-C697-4D27-A1D9-8F71EF9124B5}.Release|Win32.ActiveCfg = Release|Win32
		{7341A11A-C697-4D27-A1D9-8F71EF9124B5}.Release|Win32.Build.0 = Release|Win32
		{7341A11A-C697-4D27-A1D9-8F71EF9124B5}.ReleaseFreeEdition|Win32.ActiveCfg = Release|Win32
		{AE8D00E5-E6F2-41BC-AAE5-954585329B07}.Debug|Win32.ActiveCfg = Debug|Win32
		{AE8D00E5-E6F2-41BC-AAE5-954585329B07}.Debug|Win32.Build.0 = Debug|Win32
		{AE8D00E5-E6F2-41BC-AAE5-954585329B07}.DebugFreeEdition|Win32.ActiveCfg = DebugFreeEdition|Win32
		{AE8D00E5-E6F2-41BC-AAE5-954585329B07}.DebugFreeEdition|Win32.Build.0 = DebugFreeEdition|Win32
		{AE8D00E5-E6F2-41BC-AAE5-954585329B07}.DebugFreeEdition|Win32.Deploy.0 = DebugFreeEdition|Win32
		{AE8D00E5-E6F2-41BC-AAE5-954585329B07}.Release|Win32.ActiveCfg = Release|Win32
		{AE8D00E5-E6F2-41BC-AAE5-954585329B07}.Release|Win32.Build.0 = Release|Win32
		{AE8D00E5-E6F2-41BC-AAE5-954585329B07}.ReleaseFreeEdition|Win32.ActiveCfg = ReleaseFreeEdition|Win32
		{AE8D00E5-E6F2-41BC-AAE5-954585329B07}.ReleaseFreeEdition|Win32.Build.0 = ReleaseFreeEdition|Win32
		{7E1B06B9-7D59-4F26-8BD5-8A66DBCB99D8}.Debug|Win32.ActiveCfg = Debug|Win32
		{7E1B06B9-7D59-4F26-8BD5-8A66DBCB99D8}.Debug|Win32.Build.0 = Debug|Win32
		{7E1B06B9-7D59-4F26-8BD5-8A66DBCB99D8}.DebugFreeEdition|Win32.ActiveCfg = Debug|Win32
		{7E1B06B9-7D59-4F26-8BD5-8A66DBCB99D8}.Release|Win32.ActiveCfg = Release|Win32
		{7E1B06B9-7D59-4F26-8BD5-8A66DBCB99D8}.Release|Win32.Build.0 = Release|Win32
		{7E1B06B9-7D59-4F26-8BD5-8A66DBCB99D8}.ReleaseFreeEdition|Win32.ActiveCfg = Release|Win32
		{4190529F-E47A-458C-9259-3FBAA20381BD}.Debug|Win32.ActiveCfg = Debug|Win32
		{4190529F-E47A-458C-9259-3FBAA20381BD}.Debug|Win32.Build.0 = Debug|Win32
		{4190529F-E47A-458C-9259-3FBAA20381BD}.DebugFreeEdition|Win32.ActiveCfg = Debug|Win32
		{4190529F-E47A-458C-9259-3FBAA20381BD}.Release|Win32.ActiveCfg = Release|Win32
		{4190529F-E47A-458C-9259-3FBAA20381BD}.Release|Win32.Build.0 = Release|Win32
		{4190529F-E47A-458C-9259-3FBAA20381BD}.ReleaseFreeEdition|Win32.ActiveCfg = Release|Win32
		{BF01CC9E-1BA5-4D16-A528-B19EADF326C6}.Debug|Win32.ActiveCfg = Debug|Win32
		{BF01CC9E-1BA5-4D16-A528-B19EADF326C6}.Debug|Win32.Build.0 = Debug|Win32
		{BF01CC9E-1BA5-4D16-A528-B19EADF326C6}.DebugFreeEdition|Win32.ActiveCfg = Debug|Win32
		{BF01CC9E-1BA5-4D16-A528-B19EADF326C6}.Release|Win32.ActiveCfg = Release|Win32
		{BF01CC9E-1BA5-4D16-A528-B19EADF326C6}.Release|Win32.Build.0 = Release|Win32
		{BF01CC9E-1BA5-4D16-A528-B19EADF326C6}.ReleaseFreeEdition|Win32.ActiveCfg = Release|Win32
		{2C2569A4-CFBC-4C8F-BA00-5A85203D9D3D}.Debug|Win32.ActiveCfg = Debug|Win32
		{2C2569A4-CFBC-4C8F-BA00-5A85203D9D3D}.Debug|Win32.Build.0 = Debug|Win32
		{2C2569A4-CFBC-4C8F-BA00-5A85203D9D3D}.DebugFreeEdition|Win32.ActiveCfg = Debug|Win32
		{2C2569A4-CFBC-4C8F-BA00-5A85203D9D3D}.Release|Win32.ActiveCfg = Release|Win32
		{2C2569A4-CFBC-4C8F-BA00-5A85203D9D3D}.Release|Win32.Build.0 = Release|Win32
		{2C2569A4-CFBC-4C8F-BA00-5A85203D9D3D}.ReleaseFreeEdition|Win32.ActiveCfg = Release|Win32
		{229CE2D1-5FE0-4944-92D6-C502FC397F2D}.Debug|Win32.ActiveCfg = Debug|Win32
		{229CE2D1-5FE0-4944-92D6-C502FC397F2D}.Debug|Win32.Build.0 = Debug|Win32
		{229CE2D1-5FE0-4944-92D6-C502FC397F2D}.DebugFreeEdition|Win32.ActiveCfg = Debug|Win32
		{229CE2D1-5FE0-4944-92D6-C502FC397F2D}.Release|Win32.ActiveCfg = Release|Win32
		{229CE2D1-5FE0-4944-92D6-C502FC397F2D}.Release|Win32.Build.0 = Release|Win32
		{229CE2D1-5FE0-4944-92D6-C502FC397F2D}.ReleaseFreeEdition|Win32.ActiveCfg = Release|Win32
		{FDAF15A4-D6A7-45BE-97D7-639DEF84582B}.Debug|Win32.ActiveCfg = Debug|Win32
		{FDAF15A4-D6A7-45BE-97D7-639DEF84582B}.Debug|Win32.Build.0 = Debug|Win32
		{FDAF15A4-D6A7-45BE-97D7-639DEF84582B}.DebugFreeEdition|Win32.ActiveCfg = Debug|Win32
		{FDAF15A4-D6A7-45BE-97D7-639DEF84582B}.Release|Win32.ActiveCfg = Release|Win32
		{FDAF15A4-D6A7-45BE-97D7-639DEF84582B}.Release|Win32.Build.0 = Release|Win32
		{FDAF15A4-D6A7-45BE-97D7-639DEF84582B}.ReleaseFreeEdition|Win32.ActiveCfg = Release|Win32
		{50D381F9-7A0C-4769-A830-8DC75BED7130}.Debug|Win32.ActiveCfg = Debug|Win32
		{50D381F9-7A0C-4769-A830-8DC75BED7130}.Debug|Win32.Build.0 = Debug|Win32
		{50D381F9-7A0C-4769-A830-8DC75BED7130}.DebugFreeEdition|Win32.ActiveCfg = Debug|Win32
		{50D381F9-7A0C-4769-A830-8DC75BED7130}.Release|Win32.ActiveCfg = Release|Win32
		{50D381F9-7A0C-4769-A830-8DC75BED7130}.Release|Win32.Build.0 = Release|Win32
		{50D381F9-7A0C-4769-A830-8DC75BED7130}.ReleaseFreeEdition|Win32.ActiveCfg = Release|Win32
	EndGlobalSection
	GlobalSection(SolutionProperties) = preSolution
		HideSolutionNode = FALSE
	EndGlobalSection
	GlobalSection(NestedProjects) = preSolution
		{6252CA0B-2A54-463E-A4FD-AF84BF2E2F64} = {AF5FD2EF-E05B-45DB-9360-EE9CC76B6F68}
		{04210029-2F07-44AA-ABAA-BFD86BFC6D1A} = {AF5FD2EF-E05B-45DB-9360-EE9CC76B6F68}
		{D6618E34-3B27-400C-9065-D9734F8478DB} = {AF5FD2EF-E05B-45DB-9360-EE9CC76B6F68}
		{23B121DA-FD0E-45AF-B7B0-5033BFF520A4} = {AF5FD2EF-E05B-45DB-9360-EE9CC76B6F68}
		{CAD43757-AF48-4149-9E37-7228CD99B87B} = {AF5FD2EF-E05B-45DB-9360-EE9CC76B6F68}
		{AE145BA2-05B3-4A92-B044-8EE4EA565143} = {AF5FD2EF-E05B-45DB-9360-EE9CC76B6F68}
		{986853A1-722B-4296-A4B0-A4F83C651777} = {6252CA0B-2A54-463E-A4FD-AF84BF2E2F64}
		{F3FAA179-BC8A-4F70-8AEE-20265CDB2825} = {04210029-2F07-44AA-ABAA-BFD86BFC6D1A}
		{0AF3D1A2-4028-4AC2-941E-983B685B5282} = {04210029-2F07-44AA-ABAA-BFD86BFC6D1A}
		{33A2814A-1764-4CB6-B0C2-A29E715830E9} = {04210029-2F07-44AA-ABAA-BFD86BFC6D1A}
		{636F2D95-9F1C-4B03-A22E-905CC39F49D7} = {04210029-2F07-44AA-ABAA-BFD86BFC6D1A}
		{C928F8F4-9BEB-420C-B3CA-14D0778D1F7B} = {04210029-2F07-44AA-ABAA-BFD86BFC6D1A}
		{3393CFF0-2550-404D-94B1-9EB82E9CF2D9} = {04210029-2F07-44AA-ABAA-BFD86BFC6D1A}
		{0114F7A6-18BE-47E8-8571-86557474AEF7} = {04210029-2F07-44AA-ABAA-BFD86BFC6D1A}
		{0E209CB6-5C64-4640-B567-63D8AD4F81A9} = {04210029-2F07-44AA-ABAA-BFD86BFC6D1A}
		{EDEA0BAB-8DA2-492E-BFEB-3948230E1F46} = {04210029-2F07-44AA-ABAA-BFD86BFC6D1A}
		{D727DBFF-EE5F-4307-A37F-33D8DAE68E2C} = {04210029-2F07-44AA-ABAA-BFD86BFC6D1A}
		{576CF895-CBB4-49A7-A2E2-62F2B4D2C8F2} = {04210029-2F07-44AA-ABAA-BFD86BFC6D1A}
		{29FB2828-2A74-4843-B31A-F7E3318D39BB} = {04210029-2F07-44AA-ABAA-BFD86BFC6D1A}
		{3423EC9A-52E4-4A4D-9753-EDEBC38785EF} = {D6618E34-3B27-400C-9065-D9734F8478DB}
		{5AC84D3E-3EBB-4BC0-9D59-481F3A909317} = {23B121DA-FD0E-45AF-B7B0-5033BFF520A4}
		{DFB51879-7539-420C-8AB5-38EDDFE6CE1B} = {CAD43757-AF48-4149-9E37-7228CD99B87B}
		{496E4F4A-6AF1-4A8C-AD1B-9D50D02E2A91} = {AE145BA2-05B3-4A92-B044-8EE4EA565143}
		{B12702AD-ABFB-343A-A199-8E24837244A3} = {7519547E-1AF2-499D-B2C8-7B43EF1554E9}
		{FA557EB5-6D73-4647-835E-2E21FFE41F0C} = {7519547E-1AF2-499D-B2C8-7B43EF1554E9}
		{7341A11A-C697-4D27-A1D9-8F71EF9124B5} = {7519547E-1AF2-499D-B2C8-7B43EF1554E9}
		{AE8D00E5-E6F2-41BC-AAE5-954585329B07} = {A6EDBF1B-BD2B-4271-B7BC-DF35AEF7A30A}
		{7E1B06B9-7D59-4F26-8BD5-8A66DBCB99D8} = {16B0AC46-7D8F-44D3-B60B-0EAF796DB86B}
		{4190529F-E47A-458C-9259-3FBAA20381BD} = {16B0AC46-7D8F-44D3-B60B-0EAF796DB86B}
		{BF01CC9E-1BA5-4D16-A528-B19EADF326C6} = {16B0AC46-7D8F-44D3-B60B-0EAF796DB86B}
		{2C2569A4-CFBC-4C8F-BA00-5A85203D9D3D} = {16B0AC46-7D8F-44D3-B60B-0EAF796DB86B}
		{229CE2D1-5FE0-4944-92D6-C502FC397F2D} = {16B0AC46-7D8F-44D3-B60B-0EAF796DB86B}
		{FDAF15A4-D6A7-45BE-97D7-639DEF84582B} = {16B0AC46-7D8F-44D3-B60B-0EAF796DB86B}
		{50D381F9-7A0C-4769-A830-8DC75BED7130} = {16B0AC46-7D8F-44D3-B60B-0EAF796DB86B}
	EndGlobalSection
EndGlobal
