
Microsoft Visual Studio Solution File, Format Version 10.00
# Visual Studio 2008
Project("{2150E333-8FDC-42A3-9474-1A3956D46DE8}") = "source", "source", "{A6EDBF1B-BD2B-4271-B7BC-DF35AEF7A30A}"
EndProject
Project("{8BC9CEB8-8B4A-11D0-8D11-00A0C91BC942}") = "Vocabulary Master", "source\Vocabulary Master.vcproj", "{81419797-1F01-4F04-956D-DD98616CEA96}"
	ProjectSection(ProjectDependencies) = postProject
		{D2060C60-834D-46F4-BBFB-7D21694D3111} = {D2060C60-834D-46F4-BBFB-7D21694D3111}
	EndProjectSection
EndProject
Project("{2150E333-8FDC-42A3-9474-1A3956D46DE8}") = "3rdparty", "3rdparty", "{AF5FD2EF-E05B-45DB-9360-EE9CC76B6F68}"
EndProject
Project("{8BC9CEB8-8B4A-11D0-8D11-00A0C91BC942}") = "HTSEngine", "3rdparty\hts_engine API\HTSEngine.vcproj", "{986853A1-722B-4296-A4B0-A4F83C651777}"
EndProject
Project("{8BC9CEB8-8B4A-11D0-8D11-00A0C91BC942}") = "jpcommon", "3rdparty\Open JTalk\jpcommon.vcproj", "{F3FAA179-BC8A-4F70-8AEE-20265CDB2825}"
EndProject
Project("{8BC9CEB8-8B4A-11D0-8D11-00A0C91BC942}") = "mecab", "3rdparty\Open JTalk\mecab.vcproj", "{0AF3D1A2-4028-4AC2-941E-983B685B5282}"
EndProject
Project("{8BC9CEB8-8B4A-11D0-8D11-00A0C91BC942}") = "mecab2njd", "3rdparty\Open JTalk\mecab2njd.vcproj", "{33A2814A-1764-4CB6-B0C2-A29E715830E9}"
EndProject
Project("{8BC9CEB8-8B4A-11D0-8D11-00A0C91BC942}") = "njd", "3rdparty\Open JTalk\njd.vcproj", "{636F2D95-9F1C-4B03-A22E-905CC39F49D7}"
EndProject
Project("{8BC9CEB8-8B4A-11D0-8D11-00A0C91BC942}") = "njd_set_accent_phrase", "3rdparty\Open JTalk\njd_set_accent_phrase.vcproj", "{C928F8F4-9BEB-420C-B3CA-14D0778D1F7B}"
EndProject
Project("{8BC9CEB8-8B4A-11D0-8D11-00A0C91BC942}") = "njd_set_accent_type", "3rdparty\Open JTalk\njd_set_accent_type.vcproj", "{3393CFF0-2550-404D-94B1-9EB82E9CF2D9}"
EndProject
Project("{8BC9CEB8-8B4A-11D0-8D11-00A0C91BC942}") = "njd_set_digit", "3rdparty\Open JTalk\njd_set_digit.vcproj", "{0114F7A6-18BE-47E8-8571-86557474AEF7}"
EndProject
Project("{8BC9CEB8-8B4A-11D0-8D11-00A0C91BC942}") = "njd_set_long_vowel", "3rdparty\Open JTalk\njd_set_long_vowel.vcproj", "{0E209CB6-5C64-4640-B567-63D8AD4F81A9}"
EndProject
Project("{8BC9CEB8-8B4A-11D0-8D11-00A0C91BC942}") = "njd_set_pronunciation", "3rdparty\Open JTalk\njd_set_pronunciation.vcproj", "{EDEA0BAB-8DA2-492E-BFEB-3948230E1F46}"
EndProject
Project("{8BC9CEB8-8B4A-11D0-8D11-00A0C91BC942}") = "njd_set_unvoiced_vowel", "3rdparty\Open JTalk\njd_set_unvoiced_vowel.vcproj", "{D727DBFF-EE5F-4307-A37F-33D8DAE68E2C}"
EndProject
Project("{8BC9CEB8-8B4A-11D0-8D11-00A0C91BC942}") = "njd2jpcommon", "3rdparty\Open JTalk\njd2jpcommon.vcproj", "{576CF895-CBB4-49A7-A2E2-62F2B4D2C8F2}"
EndProject
Project("{8BC9CEB8-8B4A-11D0-8D11-00A0C91BC942}") = "text2mecab", "3rdparty\Open JTalk\text2mecab.vcproj", "{29FB2828-2A74-4843-B31A-F7E3318D39BB}"
EndProject
Project("{2150E333-8FDC-42A3-9474-1A3956D46DE8}") = "hts_engine API", "hts_engine API", "{6252CA0B-2A54-463E-A4FD-AF84BF2E2F64}"
EndProject
Project("{2150E333-8FDC-42A3-9474-1A3956D46DE8}") = "Open JTalk", "Open JTalk", "{04210029-2F07-44AA-ABAA-BFD86BFC6D1A}"
EndProject
Project("{2150E333-8FDC-42A3-9474-1A3956D46DE8}") = "plugins", "plugins", "{16B0AC46-7D8F-44D3-B60B-0EAF796DB86B}"
EndProject
Project("{8BC9CEB8-8B4A-11D0-8D11-00A0C91BC942}") = "tts-openjtalk", "plugins\tts-openjtalk\tts-openjtalk.vcproj", "{E7826957-8800-430A-9CA3-45D5DC3D73CC}"
	ProjectSection(ProjectDependencies) = postProject
		{29FB2828-2A74-4843-B31A-F7E3318D39BB} = {29FB2828-2A74-4843-B31A-F7E3318D39BB}
		{33A2814A-1764-4CB6-B0C2-A29E715830E9} = {33A2814A-1764-4CB6-B0C2-A29E715830E9}
		{F3FAA179-BC8A-4F70-8AEE-20265CDB2825} = {F3FAA179-BC8A-4F70-8AEE-20265CDB2825}
		{636F2D95-9F1C-4B03-A22E-905CC39F49D7} = {636F2D95-9F1C-4B03-A22E-905CC39F49D7}
		{576CF895-CBB4-49A7-A2E2-62F2B4D2C8F2} = {576CF895-CBB4-49A7-A2E2-62F2B4D2C8F2}
		{986853A1-722B-4296-A4B0-A4F83C651777} = {986853A1-722B-4296-A4B0-A4F83C651777}
		{0AF3D1A2-4028-4AC2-941E-983B685B5282} = {0AF3D1A2-4028-4AC2-941E-983B685B5282}
		{0114F7A6-18BE-47E8-8571-86557474AEF7} = {0114F7A6-18BE-47E8-8571-86557474AEF7}
		{EDEA0BAB-8DA2-492E-BFEB-3948230E1F46} = {EDEA0BAB-8DA2-492E-BFEB-3948230E1F46}
		{0E209CB6-5C64-4640-B567-63D8AD4F81A9} = {0E209CB6-5C64-4640-B567-63D8AD4F81A9}
		{3393CFF0-2550-404D-94B1-9EB82E9CF2D9} = {3393CFF0-2550-404D-94B1-9EB82E9CF2D9}
		{C928F8F4-9BEB-420C-B3CA-14D0778D1F7B} = {C928F8F4-9BEB-420C-B3CA-14D0778D1F7B}
		{D727DBFF-EE5F-4307-A37F-33D8DAE68E2C} = {D727DBFF-EE5F-4307-A37F-33D8DAE68E2C}
	EndProjectSection
EndProject
Project("{8BC9CEB8-8B4A-11D0-8D11-00A0C91BC942}") = "tts-sapi", "plugins\tts-sapi\tts-sapi.vcproj", "{4CDF914C-320C-462E-9D99-333CB209921D}"
EndProject
Project("{8BC9CEB8-8B4A-11D0-8D11-00A0C91BC942}") = "imp-anki", "plugins\imp-anki\imp-anki.vcproj", "{C78EFA28-4AC0-4D84-9A42-2F4E8F4232E7}"
EndProject
Project("{8BC9CEB8-8B4A-11D0-8D11-00A0C91BC942}") = "imp-plaintext", "plugins\imp-plaintext\imp-plaintext.vcproj", "{ADFA0A4B-2E2B-4237-906D-3402F57E1785}"
EndProject
Project("{8BC9CEB8-8B4A-11D0-8D11-00A0C91BC942}") = "exp-plaintext", "plugins\exp-plaintext\exp-plaintext.vcproj", "{DC56D3C1-990B-4A01-9996-7F0DAE58CFA3}"
EndProject
Project("{8BC9CEB8-8B4A-11D0-8D11-00A0C91BC942}") = "exp-html", "plugins\exp-html\exp-html.vcproj", "{126992EA-BB05-4BF9-8133-750407CB98CC}"
EndProject
Project("{2150E333-8FDC-42A3-9474-1A3956D46DE8}") = "1stparty", "1stparty", "{7519547E-1AF2-499D-B2C8-7B43EF1554E9}"
EndProject
Project("{8BC9CEB8-8B4A-11D0-8D11-00A0C91BC942}") = "license creator", "1stparty\license creator\license creator.vcproj", "{489DCBCB-C60D-4D20-9A1C-4F6ACA0D2C91}"
	ProjectSection(ProjectDependencies) = postProject
		{D2060C60-834D-46F4-BBFB-7D21694D3111} = {D2060C60-834D-46F4-BBFB-7D21694D3111}
	EndProjectSection
EndProject
Project("{2150E333-8FDC-42A3-9474-1A3956D46DE8}") = "Crypto++", "Crypto++", "{D6618E34-3B27-400C-9065-D9734F8478DB}"
EndProject
Project("{8BC9CEB8-8B4A-11D0-8D11-00A0C91BC942}") = "cryptlib", "3rdparty\Crypto++\cryptlib.vcproj", "{3423EC9A-52E4-4A4D-9753-EDEBC38785EF}"
EndProject
Project("{8BC9CEB8-8B4A-11D0-8D11-00A0C91BC942}") = "rsa", "1stparty\rsa\rsa.vcproj", "{D2060C60-834D-46F4-BBFB-7D21694D3111}"
	ProjectSection(ProjectDependencies) = postProject
		{3423EC9A-52E4-4A4D-9753-EDEBC38785EF} = {3423EC9A-52E4-4A4D-9753-EDEBC38785EF}
	EndProjectSection
EndProject
Project("{8BC9CEB8-8B4A-11D0-8D11-00A0C91BC942}") = "RSA key generator", "1stparty\RSA key generator\RSA key generator.vcproj", "{B75F1B47-44B1-415C-8ACF-76BF9AF77E10}"
	ProjectSection(ProjectDependencies) = postProject
		{3423EC9A-52E4-4A4D-9753-EDEBC38785EF} = {3423EC9A-52E4-4A4D-9753-EDEBC38785EF}
	EndProjectSection
EndProject
Project("{2150E333-8FDC-42A3-9474-1A3956D46DE8}") = "libHaru", "libHaru", "{23B121DA-FD0E-45AF-B7B0-5033BFF520A4}"
EndProject
Project("{8BC9CEB8-8B4A-11D0-8D11-00A0C91BC942}") = "libhpdf", "3rdparty\libHaru\libhpdf.vcproj", "{5AC84D3E-3EBB-4BC0-9D59-481F3A909317}"
EndProject
Project("{8BC9CEB8-8B4A-11D0-8D11-00A0C91BC942}") = "exp-pdf", "plugins\exp-pdf\exp-pdf.vcproj", "{E061BD3F-178B-4EF1-B3D6-E063B4250FA4}"
	ProjectSection(ProjectDependencies) = postProject
		{5AC84D3E-3EBB-4BC0-9D59-481F3A909317} = {5AC84D3E-3EBB-4BC0-9D59-481F3A909317}
	EndProjectSection
EndProject
Global
	GlobalSection(SolutionConfigurationPlatforms) = preSolution
		Debug|Win32 = Debug|Win32
		DebugFREE|Win32 = DebugFREE|Win32
		DebugTRY|Win32 = DebugTRY|Win32
		Release|Win32 = Release|Win32
		ReleaseFREE|Win32 = ReleaseFREE|Win32
		ReleaseTRY|Win32 = ReleaseTRY|Win32
	EndGlobalSection
	GlobalSection(ProjectConfigurationPlatforms) = postSolution
		{81419797-1F01-4F04-956D-DD98616CEA96}.Debug|Win32.ActiveCfg = Debug|Win32
		{81419797-1F01-4F04-956D-DD98616CEA96}.Debug|Win32.Build.0 = Debug|Win32
		{81419797-1F01-4F04-956D-DD98616CEA96}.DebugFREE|Win32.ActiveCfg = DebugFREE|Win32
		{81419797-1F01-4F04-956D-DD98616CEA96}.DebugFREE|Win32.Build.0 = DebugFREE|Win32
		{81419797-1F01-4F04-956D-DD98616CEA96}.DebugTRY|Win32.ActiveCfg = DebugTRY|Win32
		{81419797-1F01-4F04-956D-DD98616CEA96}.DebugTRY|Win32.Build.0 = DebugTRY|Win32
		{81419797-1F01-4F04-956D-DD98616CEA96}.Release|Win32.ActiveCfg = Release|Win32
		{81419797-1F01-4F04-956D-DD98616CEA96}.Release|Win32.Build.0 = Release|Win32
		{81419797-1F01-4F04-956D-DD98616CEA96}.ReleaseFREE|Win32.ActiveCfg = ReleaseFREE|Win32
		{81419797-1F01-4F04-956D-DD98616CEA96}.ReleaseFREE|Win32.Build.0 = ReleaseFREE|Win32
		{81419797-1F01-4F04-956D-DD98616CEA96}.ReleaseTRY|Win32.ActiveCfg = ReleaseTRY|Win32
		{81419797-1F01-4F04-956D-DD98616CEA96}.ReleaseTRY|Win32.Build.0 = ReleaseTRY|Win32
		{986853A1-722B-4296-A4B0-A4F83C651777}.Debug|Win32.ActiveCfg = Debug|Win32
		{986853A1-722B-4296-A4B0-A4F83C651777}.Debug|Win32.Build.0 = Debug|Win32
		{986853A1-722B-4296-A4B0-A4F83C651777}.DebugFREE|Win32.ActiveCfg = Debug|Win32
		{986853A1-722B-4296-A4B0-A4F83C651777}.DebugTRY|Win32.ActiveCfg = Debug|Win32
		{986853A1-722B-4296-A4B0-A4F83C651777}.DebugTRY|Win32.Build.0 = Debug|Win32
		{986853A1-722B-4296-A4B0-A4F83C651777}.Release|Win32.ActiveCfg = Release|Win32
		{986853A1-722B-4296-A4B0-A4F83C651777}.Release|Win32.Build.0 = Release|Win32
		{986853A1-722B-4296-A4B0-A4F83C651777}.ReleaseFREE|Win32.ActiveCfg = Release|Win32
		{986853A1-722B-4296-A4B0-A4F83C651777}.ReleaseTRY|Win32.ActiveCfg = Release|Win32
		{986853A1-722B-4296-A4B0-A4F83C651777}.ReleaseTRY|Win32.Build.0 = Release|Win32
		{F3FAA179-BC8A-4F70-8AEE-20265CDB2825}.Debug|Win32.ActiveCfg = Debug|Win32
		{F3FAA179-BC8A-4F70-8AEE-20265CDB2825}.Debug|Win32.Build.0 = Debug|Win32
		{F3FAA179-BC8A-4F70-8AEE-20265CDB2825}.DebugFREE|Win32.ActiveCfg = Debug|Win32
		{F3FAA179-BC8A-4F70-8AEE-20265CDB2825}.DebugTRY|Win32.ActiveCfg = Debug|Win32
		{F3FAA179-BC8A-4F70-8AEE-20265CDB2825}.DebugTRY|Win32.Build.0 = Debug|Win32
		{F3FAA179-BC8A-4F70-8AEE-20265CDB2825}.Release|Win32.ActiveCfg = Release|Win32
		{F3FAA179-BC8A-4F70-8AEE-20265CDB2825}.Release|Win32.Build.0 = Release|Win32
		{F3FAA179-BC8A-4F70-8AEE-20265CDB2825}.ReleaseFREE|Win32.ActiveCfg = Release|Win32
		{F3FAA179-BC8A-4F70-8AEE-20265CDB2825}.ReleaseTRY|Win32.ActiveCfg = Release|Win32
		{F3FAA179-BC8A-4F70-8AEE-20265CDB2825}.ReleaseTRY|Win32.Build.0 = Release|Win32
		{0AF3D1A2-4028-4AC2-941E-983B685B5282}.Debug|Win32.ActiveCfg = Debug|Win32
		{0AF3D1A2-4028-4AC2-941E-983B685B5282}.Debug|Win32.Build.0 = Debug|Win32
		{0AF3D1A2-4028-4AC2-941E-983B685B5282}.DebugFREE|Win32.ActiveCfg = Debug|Win32
		{0AF3D1A2-4028-4AC2-941E-983B685B5282}.DebugTRY|Win32.ActiveCfg = Debug|Win32
		{0AF3D1A2-4028-4AC2-941E-983B685B5282}.DebugTRY|Win32.Build.0 = Debug|Win32
		{0AF3D1A2-4028-4AC2-941E-983B685B5282}.Release|Win32.ActiveCfg = Release|Win32
		{0AF3D1A2-4028-4AC2-941E-983B685B5282}.Release|Win32.Build.0 = Release|Win32
		{0AF3D1A2-4028-4AC2-941E-983B685B5282}.ReleaseFREE|Win32.ActiveCfg = Release|Win32
		{0AF3D1A2-4028-4AC2-941E-983B685B5282}.ReleaseTRY|Win32.ActiveCfg = Release|Win32
		{0AF3D1A2-4028-4AC2-941E-983B685B5282}.ReleaseTRY|Win32.Build.0 = Release|Win32
		{33A2814A-1764-4CB6-B0C2-A29E715830E9}.Debug|Win32.ActiveCfg = Debug|Win32
		{33A2814A-1764-4CB6-B0C2-A29E715830E9}.Debug|Win32.Build.0 = Debug|Win32
		{33A2814A-1764-4CB6-B0C2-A29E715830E9}.DebugFREE|Win32.ActiveCfg = Debug|Win32
		{33A2814A-1764-4CB6-B0C2-A29E715830E9}.DebugTRY|Win32.ActiveCfg = Debug|Win32
		{33A2814A-1764-4CB6-B0C2-A29E715830E9}.DebugTRY|Win32.Build.0 = Debug|Win32
		{33A2814A-1764-4CB6-B0C2-A29E715830E9}.Release|Win32.ActiveCfg = Release|Win32
		{33A2814A-1764-4CB6-B0C2-A29E715830E9}.Release|Win32.Build.0 = Release|Win32
		{33A2814A-1764-4CB6-B0C2-A29E715830E9}.ReleaseFREE|Win32.ActiveCfg = Release|Win32
		{33A2814A-1764-4CB6-B0C2-A29E715830E9}.ReleaseTRY|Win32.ActiveCfg = Release|Win32
		{33A2814A-1764-4CB6-B0C2-A29E715830E9}.ReleaseTRY|Win32.Build.0 = Release|Win32
		{636F2D95-9F1C-4B03-A22E-905CC39F49D7}.Debug|Win32.ActiveCfg = Debug|Win32
		{636F2D95-9F1C-4B03-A22E-905CC39F49D7}.Debug|Win32.Build.0 = Debug|Win32
		{636F2D95-9F1C-4B03-A22E-905CC39F49D7}.DebugFREE|Win32.ActiveCfg = Debug|Win32
		{636F2D95-9F1C-4B03-A22E-905CC39F49D7}.DebugTRY|Win32.ActiveCfg = Debug|Win32
		{636F2D95-9F1C-4B03-A22E-905CC39F49D7}.DebugTRY|Win32.Build.0 = Debug|Win32
		{636F2D95-9F1C-4B03-A22E-905CC39F49D7}.Release|Win32.ActiveCfg = Release|Win32
		{636F2D95-9F1C-4B03-A22E-905CC39F49D7}.Release|Win32.Build.0 = Release|Win32
		{636F2D95-9F1C-4B03-A22E-905CC39F49D7}.ReleaseFREE|Win32.ActiveCfg = Release|Win32
		{636F2D95-9F1C-4B03-A22E-905CC39F49D7}.ReleaseTRY|Win32.ActiveCfg = Release|Win32
		{636F2D95-9F1C-4B03-A22E-905CC39F49D7}.ReleaseTRY|Win32.Build.0 = Release|Win32
		{C928F8F4-9BEB-420C-B3CA-14D0778D1F7B}.Debug|Win32.ActiveCfg = Debug|Win32
		{C928F8F4-9BEB-420C-B3CA-14D0778D1F7B}.Debug|Win32.Build.0 = Debug|Win32
		{C928F8F4-9BEB-420C-B3CA-14D0778D1F7B}.DebugFREE|Win32.ActiveCfg = Debug|Win32
		{C928F8F4-9BEB-420C-B3CA-14D0778D1F7B}.DebugTRY|Win32.ActiveCfg = Debug|Win32
		{C928F8F4-9BEB-420C-B3CA-14D0778D1F7B}.DebugTRY|Win32.Build.0 = Debug|Win32
		{C928F8F4-9BEB-420C-B3CA-14D0778D1F7B}.Release|Win32.ActiveCfg = Release|Win32
		{C928F8F4-9BEB-420C-B3CA-14D0778D1F7B}.Release|Win32.Build.0 = Release|Win32
		{C928F8F4-9BEB-420C-B3CA-14D0778D1F7B}.ReleaseFREE|Win32.ActiveCfg = Release|Win32
		{C928F8F4-9BEB-420C-B3CA-14D0778D1F7B}.ReleaseTRY|Win32.ActiveCfg = Release|Win32
		{C928F8F4-9BEB-420C-B3CA-14D0778D1F7B}.ReleaseTRY|Win32.Build.0 = Release|Win32
		{3393CFF0-2550-404D-94B1-9EB82E9CF2D9}.Debug|Win32.ActiveCfg = Debug|Win32
		{3393CFF0-2550-404D-94B1-9EB82E9CF2D9}.Debug|Win32.Build.0 = Debug|Win32
		{3393CFF0-2550-404D-94B1-9EB82E9CF2D9}.DebugFREE|Win32.ActiveCfg = Debug|Win32
		{3393CFF0-2550-404D-94B1-9EB82E9CF2D9}.DebugTRY|Win32.ActiveCfg = Debug|Win32
		{3393CFF0-2550-404D-94B1-9EB82E9CF2D9}.DebugTRY|Win32.Build.0 = Debug|Win32
		{3393CFF0-2550-404D-94B1-9EB82E9CF2D9}.Release|Win32.ActiveCfg = Release|Win32
		{3393CFF0-2550-404D-94B1-9EB82E9CF2D9}.Release|Win32.Build.0 = Release|Win32
		{3393CFF0-2550-404D-94B1-9EB82E9CF2D9}.ReleaseFREE|Win32.ActiveCfg = Release|Win32
		{3393CFF0-2550-404D-94B1-9EB82E9CF2D9}.ReleaseTRY|Win32.ActiveCfg = Release|Win32
		{3393CFF0-2550-404D-94B1-9EB82E9CF2D9}.ReleaseTRY|Win32.Build.0 = Release|Win32
		{0114F7A6-18BE-47E8-8571-86557474AEF7}.Debug|Win32.ActiveCfg = Debug|Win32
		{0114F7A6-18BE-47E8-8571-86557474AEF7}.Debug|Win32.Build.0 = Debug|Win32
		{0114F7A6-18BE-47E8-8571-86557474AEF7}.DebugFREE|Win32.ActiveCfg = Debug|Win32
		{0114F7A6-18BE-47E8-8571-86557474AEF7}.DebugTRY|Win32.ActiveCfg = Debug|Win32
		{0114F7A6-18BE-47E8-8571-86557474AEF7}.DebugTRY|Win32.Build.0 = Debug|Win32
		{0114F7A6-18BE-47E8-8571-86557474AEF7}.Release|Win32.ActiveCfg = Release|Win32
		{0114F7A6-18BE-47E8-8571-86557474AEF7}.Release|Win32.Build.0 = Release|Win32
		{0114F7A6-18BE-47E8-8571-86557474AEF7}.ReleaseFREE|Win32.ActiveCfg = Release|Win32
		{0114F7A6-18BE-47E8-8571-86557474AEF7}.ReleaseTRY|Win32.ActiveCfg = Release|Win32
		{0114F7A6-18BE-47E8-8571-86557474AEF7}.ReleaseTRY|Win32.Build.0 = Release|Win32
		{0E209CB6-5C64-4640-B567-63D8AD4F81A9}.Debug|Win32.ActiveCfg = Debug|Win32
		{0E209CB6-5C64-4640-B567-63D8AD4F81A9}.Debug|Win32.Build.0 = Debug|Win32
		{0E209CB6-5C64-4640-B567-63D8AD4F81A9}.DebugFREE|Win32.ActiveCfg = Debug|Win32
		{0E209CB6-5C64-4640-B567-63D8AD4F81A9}.DebugTRY|Win32.ActiveCfg = Debug|Win32
		{0E209CB6-5C64-4640-B567-63D8AD4F81A9}.DebugTRY|Win32.Build.0 = Debug|Win32
		{0E209CB6-5C64-4640-B567-63D8AD4F81A9}.Release|Win32.ActiveCfg = Release|Win32
		{0E209CB6-5C64-4640-B567-63D8AD4F81A9}.Release|Win32.Build.0 = Release|Win32
		{0E209CB6-5C64-4640-B567-63D8AD4F81A9}.ReleaseFREE|Win32.ActiveCfg = Release|Win32
		{0E209CB6-5C64-4640-B567-63D8AD4F81A9}.ReleaseTRY|Win32.ActiveCfg = Release|Win32
		{0E209CB6-5C64-4640-B567-63D8AD4F81A9}.ReleaseTRY|Win32.Build.0 = Release|Win32
		{EDEA0BAB-8DA2-492E-BFEB-3948230E1F46}.Debug|Win32.ActiveCfg = Debug|Win32
		{EDEA0BAB-8DA2-492E-BFEB-3948230E1F46}.Debug|Win32.Build.0 = Debug|Win32
		{EDEA0BAB-8DA2-492E-BFEB-3948230E1F46}.DebugFREE|Win32.ActiveCfg = Debug|Win32
		{EDEA0BAB-8DA2-492E-BFEB-3948230E1F46}.DebugTRY|Win32.ActiveCfg = Debug|Win32
		{EDEA0BAB-8DA2-492E-BFEB-3948230E1F46}.DebugTRY|Win32.Build.0 = Debug|Win32
		{EDEA0BAB-8DA2-492E-BFEB-3948230E1F46}.Release|Win32.ActiveCfg = Release|Win32
		{EDEA0BAB-8DA2-492E-BFEB-3948230E1F46}.Release|Win32.Build.0 = Release|Win32
		{EDEA0BAB-8DA2-492E-BFEB-3948230E1F46}.ReleaseFREE|Win32.ActiveCfg = Release|Win32
		{EDEA0BAB-8DA2-492E-BFEB-3948230E1F46}.ReleaseTRY|Win32.ActiveCfg = Release|Win32
		{EDEA0BAB-8DA2-492E-BFEB-3948230E1F46}.ReleaseTRY|Win32.Build.0 = Release|Win32
		{D727DBFF-EE5F-4307-A37F-33D8DAE68E2C}.Debug|Win32.ActiveCfg = Debug|Win32
		{D727DBFF-EE5F-4307-A37F-33D8DAE68E2C}.Debug|Win32.Build.0 = Debug|Win32
		{D727DBFF-EE5F-4307-A37F-33D8DAE68E2C}.DebugFREE|Win32.ActiveCfg = Debug|Win32
		{D727DBFF-EE5F-4307-A37F-33D8DAE68E2C}.DebugTRY|Win32.ActiveCfg = Debug|Win32
		{D727DBFF-EE5F-4307-A37F-33D8DAE68E2C}.DebugTRY|Win32.Build.0 = Debug|Win32
		{D727DBFF-EE5F-4307-A37F-33D8DAE68E2C}.Release|Win32.ActiveCfg = Release|Win32
		{D727DBFF-EE5F-4307-A37F-33D8DAE68E2C}.Release|Win32.Build.0 = Release|Win32
		{D727DBFF-EE5F-4307-A37F-33D8DAE68E2C}.ReleaseFREE|Win32.ActiveCfg = Release|Win32
		{D727DBFF-EE5F-4307-A37F-33D8DAE68E2C}.ReleaseTRY|Win32.ActiveCfg = Release|Win32
		{D727DBFF-EE5F-4307-A37F-33D8DAE68E2C}.ReleaseTRY|Win32.Build.0 = Release|Win32
		{576CF895-CBB4-49A7-A2E2-62F2B4D2C8F2}.Debug|Win32.ActiveCfg = Debug|Win32
		{576CF895-CBB4-49A7-A2E2-62F2B4D2C8F2}.Debug|Win32.Build.0 = Debug|Win32
		{576CF895-CBB4-49A7-A2E2-62F2B4D2C8F2}.DebugFREE|Win32.ActiveCfg = Debug|Win32
		{576CF895-CBB4-49A7-A2E2-62F2B4D2C8F2}.DebugTRY|Win32.ActiveCfg = Debug|Win32
		{576CF895-CBB4-49A7-A2E2-62F2B4D2C8F2}.DebugTRY|Win32.Build.0 = Debug|Win32
		{576CF895-CBB4-49A7-A2E2-62F2B4D2C8F2}.Release|Win32.ActiveCfg = Release|Win32
		{576CF895-CBB4-49A7-A2E2-62F2B4D2C8F2}.Release|Win32.Build.0 = Release|Win32
		{576CF895-CBB4-49A7-A2E2-62F2B4D2C8F2}.ReleaseFREE|Win32.ActiveCfg = Release|Win32
		{576CF895-CBB4-49A7-A2E2-62F2B4D2C8F2}.ReleaseTRY|Win32.ActiveCfg = Release|Win32
		{576CF895-CBB4-49A7-A2E2-62F2B4D2C8F2}.ReleaseTRY|Win32.Build.0 = Release|Win32
		{29FB2828-2A74-4843-B31A-F7E3318D39BB}.Debug|Win32.ActiveCfg = Debug|Win32
		{29FB2828-2A74-4843-B31A-F7E3318D39BB}.Debug|Win32.Build.0 = Debug|Win32
		{29FB2828-2A74-4843-B31A-F7E3318D39BB}.DebugFREE|Win32.ActiveCfg = Debug|Win32
		{29FB2828-2A74-4843-B31A-F7E3318D39BB}.DebugTRY|Win32.ActiveCfg = Debug|Win32
		{29FB2828-2A74-4843-B31A-F7E3318D39BB}.DebugTRY|Win32.Build.0 = Debug|Win32
		{29FB2828-2A74-4843-B31A-F7E3318D39BB}.Release|Win32.ActiveCfg = Release|Win32
		{29FB2828-2A74-4843-B31A-F7E3318D39BB}.Release|Win32.Build.0 = Release|Win32
		{29FB2828-2A74-4843-B31A-F7E3318D39BB}.ReleaseFREE|Win32.ActiveCfg = Release|Win32
		{29FB2828-2A74-4843-B31A-F7E3318D39BB}.ReleaseTRY|Win32.ActiveCfg = Release|Win32
		{29FB2828-2A74-4843-B31A-F7E3318D39BB}.ReleaseTRY|Win32.Build.0 = Release|Win32
		{E7826957-8800-430A-9CA3-45D5DC3D73CC}.Debug|Win32.ActiveCfg = Debug|Win32
		{E7826957-8800-430A-9CA3-45D5DC3D73CC}.Debug|Win32.Build.0 = Debug|Win32
		{E7826957-8800-430A-9CA3-45D5DC3D73CC}.DebugFREE|Win32.ActiveCfg = Debug|Win32
		{E7826957-8800-430A-9CA3-45D5DC3D73CC}.DebugTRY|Win32.ActiveCfg = Debug|Win32
		{E7826957-8800-430A-9CA3-45D5DC3D73CC}.DebugTRY|Win32.Build.0 = Debug|Win32
		{E7826957-8800-430A-9CA3-45D5DC3D73CC}.Release|Win32.ActiveCfg = Release|Win32
		{E7826957-8800-430A-9CA3-45D5DC3D73CC}.Release|Win32.Build.0 = Release|Win32
		{E7826957-8800-430A-9CA3-45D5DC3D73CC}.ReleaseFREE|Win32.ActiveCfg = Release|Win32
		{E7826957-8800-430A-9CA3-45D5DC3D73CC}.ReleaseTRY|Win32.ActiveCfg = Release|Win32
		{E7826957-8800-430A-9CA3-45D5DC3D73CC}.ReleaseTRY|Win32.Build.0 = Release|Win32
		{4CDF914C-320C-462E-9D99-333CB209921D}.Debug|Win32.ActiveCfg = Debug|Win32
		{4CDF914C-320C-462E-9D99-333CB209921D}.Debug|Win32.Build.0 = Debug|Win32
		{4CDF914C-320C-462E-9D99-333CB209921D}.DebugFREE|Win32.ActiveCfg = Debug|Win32
		{4CDF914C-320C-462E-9D99-333CB209921D}.DebugTRY|Win32.ActiveCfg = Debug|Win32
		{4CDF914C-320C-462E-9D99-333CB209921D}.DebugTRY|Win32.Build.0 = Debug|Win32
		{4CDF914C-320C-462E-9D99-333CB209921D}.Release|Win32.ActiveCfg = Release|Win32
		{4CDF914C-320C-462E-9D99-333CB209921D}.Release|Win32.Build.0 = Release|Win32
		{4CDF914C-320C-462E-9D99-333CB209921D}.ReleaseFREE|Win32.ActiveCfg = Release|Win32
		{4CDF914C-320C-462E-9D99-333CB209921D}.ReleaseTRY|Win32.ActiveCfg = Release|Win32
		{4CDF914C-320C-462E-9D99-333CB209921D}.ReleaseTRY|Win32.Build.0 = Release|Win32
		{C78EFA28-4AC0-4D84-9A42-2F4E8F4232E7}.Debug|Win32.ActiveCfg = Debug|Win32
		{C78EFA28-4AC0-4D84-9A42-2F4E8F4232E7}.Debug|Win32.Build.0 = Debug|Win32
		{C78EFA28-4AC0-4D84-9A42-2F4E8F4232E7}.DebugFREE|Win32.ActiveCfg = Debug|Win32
		{C78EFA28-4AC0-4D84-9A42-2F4E8F4232E7}.DebugTRY|Win32.ActiveCfg = Debug|Win32
		{C78EFA28-4AC0-4D84-9A42-2F4E8F4232E7}.DebugTRY|Win32.Build.0 = Debug|Win32
		{C78EFA28-4AC0-4D84-9A42-2F4E8F4232E7}.Release|Win32.ActiveCfg = Release|Win32
		{C78EFA28-4AC0-4D84-9A42-2F4E8F4232E7}.Release|Win32.Build.0 = Release|Win32
		{C78EFA28-4AC0-4D84-9A42-2F4E8F4232E7}.ReleaseFREE|Win32.ActiveCfg = Release|Win32
		{C78EFA28-4AC0-4D84-9A42-2F4E8F4232E7}.ReleaseTRY|Win32.ActiveCfg = Release|Win32
		{C78EFA28-4AC0-4D84-9A42-2F4E8F4232E7}.ReleaseTRY|Win32.Build.0 = Release|Win32
		{ADFA0A4B-2E2B-4237-906D-3402F57E1785}.Debug|Win32.ActiveCfg = Debug|Win32
		{ADFA0A4B-2E2B-4237-906D-3402F57E1785}.Debug|Win32.Build.0 = Debug|Win32
		{ADFA0A4B-2E2B-4237-906D-3402F57E1785}.DebugFREE|Win32.ActiveCfg = Debug|Win32
		{ADFA0A4B-2E2B-4237-906D-3402F57E1785}.DebugTRY|Win32.ActiveCfg = Debug|Win32
		{ADFA0A4B-2E2B-4237-906D-3402F57E1785}.DebugTRY|Win32.Build.0 = Debug|Win32
		{ADFA0A4B-2E2B-4237-906D-3402F57E1785}.Release|Win32.ActiveCfg = Release|Win32
		{ADFA0A4B-2E2B-4237-906D-3402F57E1785}.Release|Win32.Build.0 = Release|Win32
		{ADFA0A4B-2E2B-4237-906D-3402F57E1785}.ReleaseFREE|Win32.ActiveCfg = Release|Win32
		{ADFA0A4B-2E2B-4237-906D-3402F57E1785}.ReleaseTRY|Win32.ActiveCfg = Release|Win32
		{ADFA0A4B-2E2B-4237-906D-3402F57E1785}.ReleaseTRY|Win32.Build.0 = Release|Win32
		{DC56D3C1-990B-4A01-9996-7F0DAE58CFA3}.Debug|Win32.ActiveCfg = Debug|Win32
		{DC56D3C1-990B-4A01-9996-7F0DAE58CFA3}.Debug|Win32.Build.0 = Debug|Win32
		{DC56D3C1-990B-4A01-9996-7F0DAE58CFA3}.DebugFREE|Win32.ActiveCfg = Debug|Win32
		{DC56D3C1-990B-4A01-9996-7F0DAE58CFA3}.DebugTRY|Win32.ActiveCfg = Debug|Win32
		{DC56D3C1-990B-4A01-9996-7F0DAE58CFA3}.DebugTRY|Win32.Build.0 = Debug|Win32
		{DC56D3C1-990B-4A01-9996-7F0DAE58CFA3}.Release|Win32.ActiveCfg = Release|Win32
		{DC56D3C1-990B-4A01-9996-7F0DAE58CFA3}.Release|Win32.Build.0 = Release|Win32
		{DC56D3C1-990B-4A01-9996-7F0DAE58CFA3}.ReleaseFREE|Win32.ActiveCfg = Release|Win32
		{DC56D3C1-990B-4A01-9996-7F0DAE58CFA3}.ReleaseTRY|Win32.ActiveCfg = Release|Win32
		{DC56D3C1-990B-4A01-9996-7F0DAE58CFA3}.ReleaseTRY|Win32.Build.0 = Release|Win32
		{126992EA-BB05-4BF9-8133-750407CB98CC}.Debug|Win32.ActiveCfg = Debug|Win32
		{126992EA-BB05-4BF9-8133-750407CB98CC}.Debug|Win32.Build.0 = Debug|Win32
		{126992EA-BB05-4BF9-8133-750407CB98CC}.DebugFREE|Win32.ActiveCfg = Debug|Win32
		{126992EA-BB05-4BF9-8133-750407CB98CC}.DebugTRY|Win32.ActiveCfg = Debug|Win32
		{126992EA-BB05-4BF9-8133-750407CB98CC}.DebugTRY|Win32.Build.0 = Debug|Win32
		{126992EA-BB05-4BF9-8133-750407CB98CC}.Release|Win32.ActiveCfg = Release|Win32
		{126992EA-BB05-4BF9-8133-750407CB98CC}.Release|Win32.Build.0 = Release|Win32
		{126992EA-BB05-4BF9-8133-750407CB98CC}.ReleaseFREE|Win32.ActiveCfg = Release|Win32
		{126992EA-BB05-4BF9-8133-750407CB98CC}.ReleaseTRY|Win32.ActiveCfg = Release|Win32
		{126992EA-BB05-4BF9-8133-750407CB98CC}.ReleaseTRY|Win32.Build.0 = Release|Win32
		{489DCBCB-C60D-4D20-9A1C-4F6ACA0D2C91}.Debug|Win32.ActiveCfg = Debug|Win32
		{489DCBCB-C60D-4D20-9A1C-4F6ACA0D2C91}.Debug|Win32.Build.0 = Debug|Win32
		{489DCBCB-C60D-4D20-9A1C-4F6ACA0D2C91}.DebugFREE|Win32.ActiveCfg = Debug|Win32
		{489DCBCB-C60D-4D20-9A1C-4F6ACA0D2C91}.DebugTRY|Win32.ActiveCfg = Debug|Win32
		{489DCBCB-C60D-4D20-9A1C-4F6ACA0D2C91}.DebugTRY|Win32.Build.0 = Debug|Win32
		{489DCBCB-C60D-4D20-9A1C-4F6ACA0D2C91}.Release|Win32.ActiveCfg = Release|Win32
		{489DCBCB-C60D-4D20-9A1C-4F6ACA0D2C91}.Release|Win32.Build.0 = Release|Win32
		{489DCBCB-C60D-4D20-9A1C-4F6ACA0D2C91}.ReleaseFREE|Win32.ActiveCfg = Release|Win32
		{489DCBCB-C60D-4D20-9A1C-4F6ACA0D2C91}.ReleaseTRY|Win32.ActiveCfg = Release|Win32
		{489DCBCB-C60D-4D20-9A1C-4F6ACA0D2C91}.ReleaseTRY|Win32.Build.0 = Release|Win32
		{3423EC9A-52E4-4A4D-9753-EDEBC38785EF}.Debug|Win32.ActiveCfg = Debug|Win32
		{3423EC9A-52E4-4A4D-9753-EDEBC38785EF}.Debug|Win32.Build.0 = Debug|Win32
		{3423EC9A-52E4-4A4D-9753-EDEBC38785EF}.DebugFREE|Win32.ActiveCfg = Debug|Win32
		{3423EC9A-52E4-4A4D-9753-EDEBC38785EF}.DebugTRY|Win32.ActiveCfg = Debug|Win32
		{3423EC9A-52E4-4A4D-9753-EDEBC38785EF}.DebugTRY|Win32.Build.0 = Debug|Win32
		{3423EC9A-52E4-4A4D-9753-EDEBC38785EF}.Release|Win32.ActiveCfg = Release|Win32
		{3423EC9A-52E4-4A4D-9753-EDEBC38785EF}.Release|Win32.Build.0 = Release|Win32
		{3423EC9A-52E4-4A4D-9753-EDEBC38785EF}.ReleaseFREE|Win32.ActiveCfg = Release|Win32
		{3423EC9A-52E4-4A4D-9753-EDEBC38785EF}.ReleaseTRY|Win32.ActiveCfg = Release|Win32
		{3423EC9A-52E4-4A4D-9753-EDEBC38785EF}.ReleaseTRY|Win32.Build.0 = Release|Win32
		{D2060C60-834D-46F4-BBFB-7D21694D3111}.Debug|Win32.ActiveCfg = Debug|Win32
		{D2060C60-834D-46F4-BBFB-7D21694D3111}.Debug|Win32.Build.0 = Debug|Win32
		{D2060C60-834D-46F4-BBFB-7D21694D3111}.DebugFREE|Win32.ActiveCfg = Debug|Win32
		{D2060C60-834D-46F4-BBFB-7D21694D3111}.DebugTRY|Win32.ActiveCfg = Debug|Win32
		{D2060C60-834D-46F4-BBFB-7D21694D3111}.Release|Win32.ActiveCfg = Release|Win32
		{D2060C60-834D-46F4-BBFB-7D21694D3111}.Release|Win32.Build.0 = Release|Win32
		{D2060C60-834D-46F4-BBFB-7D21694D3111}.ReleaseFREE|Win32.ActiveCfg = Release|Win32
		{D2060C60-834D-46F4-BBFB-7D21694D3111}.ReleaseTRY|Win32.ActiveCfg = Release|Win32
		{B75F1B47-44B1-415C-8ACF-76BF9AF77E10}.Debug|Win32.ActiveCfg = Debug|Win32
		{B75F1B47-44B1-415C-8ACF-76BF9AF77E10}.Debug|Win32.Build.0 = Debug|Win32
		{B75F1B47-44B1-415C-8ACF-76BF9AF77E10}.DebugFREE|Win32.ActiveCfg = Debug|Win32
		{B75F1B47-44B1-415C-8ACF-76BF9AF77E10}.DebugTRY|Win32.ActiveCfg = Debug|Win32
		{B75F1B47-44B1-415C-8ACF-76BF9AF77E10}.DebugTRY|Win32.Build.0 = Debug|Win32
		{B75F1B47-44B1-415C-8ACF-76BF9AF77E10}.Release|Win32.ActiveCfg = Release|Win32
		{B75F1B47-44B1-415C-8ACF-76BF9AF77E10}.Release|Win32.Build.0 = Release|Win32
		{B75F1B47-44B1-415C-8ACF-76BF9AF77E10}.ReleaseFREE|Win32.ActiveCfg = Release|Win32
		{B75F1B47-44B1-415C-8ACF-76BF9AF77E10}.ReleaseTRY|Win32.ActiveCfg = Release|Win32
		{B75F1B47-44B1-415C-8ACF-76BF9AF77E10}.ReleaseTRY|Win32.Build.0 = Release|Win32
		{5AC84D3E-3EBB-4BC0-9D59-481F3A909317}.Debug|Win32.ActiveCfg = Debug|Win32
		{5AC84D3E-3EBB-4BC0-9D59-481F3A909317}.Debug|Win32.Build.0 = Debug|Win32
		{5AC84D3E-3EBB-4BC0-9D59-481F3A909317}.DebugFREE|Win32.ActiveCfg = Debug|Win32
		{5AC84D3E-3EBB-4BC0-9D59-481F3A909317}.DebugTRY|Win32.ActiveCfg = Debug|Win32
		{5AC84D3E-3EBB-4BC0-9D59-481F3A909317}.DebugTRY|Win32.Build.0 = Debug|Win32
		{5AC84D3E-3EBB-4BC0-9D59-481F3A909317}.Release|Win32.ActiveCfg = Release|Win32
		{5AC84D3E-3EBB-4BC0-9D59-481F3A909317}.Release|Win32.Build.0 = Release|Win32
		{5AC84D3E-3EBB-4BC0-9D59-481F3A909317}.ReleaseFREE|Win32.ActiveCfg = Release|Win32
		{5AC84D3E-3EBB-4BC0-9D59-481F3A909317}.ReleaseTRY|Win32.ActiveCfg = Release|Win32
		{5AC84D3E-3EBB-4BC0-9D59-481F3A909317}.ReleaseTRY|Win32.Build.0 = Release|Win32
		{E061BD3F-178B-4EF1-B3D6-E063B4250FA4}.Debug|Win32.ActiveCfg = Debug|Win32
		{E061BD3F-178B-4EF1-B3D6-E063B4250FA4}.Debug|Win32.Build.0 = Debug|Win32
		{E061BD3F-178B-4EF1-B3D6-E063B4250FA4}.DebugFREE|Win32.ActiveCfg = Debug|Win32
		{E061BD3F-178B-4EF1-B3D6-E063B4250FA4}.DebugTRY|Win32.ActiveCfg = Debug|Win32
		{E061BD3F-178B-4EF1-B3D6-E063B4250FA4}.DebugTRY|Win32.Build.0 = Debug|Win32
		{E061BD3F-178B-4EF1-B3D6-E063B4250FA4}.Release|Win32.ActiveCfg = Release|Win32
		{E061BD3F-178B-4EF1-B3D6-E063B4250FA4}.Release|Win32.Build.0 = Release|Win32
		{E061BD3F-178B-4EF1-B3D6-E063B4250FA4}.ReleaseFREE|Win32.ActiveCfg = Release|Win32
		{E061BD3F-178B-4EF1-B3D6-E063B4250FA4}.ReleaseTRY|Win32.ActiveCfg = Release|Win32
		{E061BD3F-178B-4EF1-B3D6-E063B4250FA4}.ReleaseTRY|Win32.Build.0 = Release|Win32
	EndGlobalSection
	GlobalSection(SolutionProperties) = preSolution
		HideSolutionNode = FALSE
	EndGlobalSection
	GlobalSection(NestedProjects) = preSolution
		{81419797-1F01-4F04-956D-DD98616CEA96} = {A6EDBF1B-BD2B-4271-B7BC-DF35AEF7A30A}
		{6252CA0B-2A54-463E-A4FD-AF84BF2E2F64} = {AF5FD2EF-E05B-45DB-9360-EE9CC76B6F68}
		{04210029-2F07-44AA-ABAA-BFD86BFC6D1A} = {AF5FD2EF-E05B-45DB-9360-EE9CC76B6F68}
		{D6618E34-3B27-400C-9065-D9734F8478DB} = {AF5FD2EF-E05B-45DB-9360-EE9CC76B6F68}
		{23B121DA-FD0E-45AF-B7B0-5033BFF520A4} = {AF5FD2EF-E05B-45DB-9360-EE9CC76B6F68}
		{986853A1-722B-4296-A4B0-A4F83C651777} = {6252CA0B-2A54-463E-A4FD-AF84BF2E2F64}
		{0AF3D1A2-4028-4AC2-941E-983B685B5282} = {04210029-2F07-44AA-ABAA-BFD86BFC6D1A}
		{33A2814A-1764-4CB6-B0C2-A29E715830E9} = {04210029-2F07-44AA-ABAA-BFD86BFC6D1A}
		{636F2D95-9F1C-4B03-A22E-905CC39F49D7} = {04210029-2F07-44AA-ABAA-BFD86BFC6D1A}
		{C928F8F4-9BEB-420C-B3CA-14D0778D1F7B} = {04210029-2F07-44AA-ABAA-BFD86BFC6D1A}
		{3393CFF0-2550-404D-94B1-9EB82E9CF2D9} = {04210029-2F07-44AA-ABAA-BFD86BFC6D1A}
		{0114F7A6-18BE-47E8-8571-86557474AEF7} = {04210029-2F07-44AA-ABAA-BFD86BFC6D1A}
		{0E209CB6-5C64-4640-B567-63D8AD4F81A9} = {04210029-2F07-44AA-ABAA-BFD86BFC6D1A}
		{EDEA0BAB-8DA2-492E-BFEB-3948230E1F46} = {04210029-2F07-44AA-ABAA-BFD86BFC6D1A}
		{D727DBFF-EE5F-4307-A37F-33D8DAE68E2C} = {04210029-2F07-44AA-ABAA-BFD86BFC6D1A}
		{576CF895-CBB4-49A7-A2E2-62F2B4D2C8F2} = {04210029-2F07-44AA-ABAA-BFD86BFC6D1A}
		{29FB2828-2A74-4843-B31A-F7E3318D39BB} = {04210029-2F07-44AA-ABAA-BFD86BFC6D1A}
		{F3FAA179-BC8A-4F70-8AEE-20265CDB2825} = {04210029-2F07-44AA-ABAA-BFD86BFC6D1A}
		{E7826957-8800-430A-9CA3-45D5DC3D73CC} = {16B0AC46-7D8F-44D3-B60B-0EAF796DB86B}
		{4CDF914C-320C-462E-9D99-333CB209921D} = {16B0AC46-7D8F-44D3-B60B-0EAF796DB86B}
		{C78EFA28-4AC0-4D84-9A42-2F4E8F4232E7} = {16B0AC46-7D8F-44D3-B60B-0EAF796DB86B}
		{ADFA0A4B-2E2B-4237-906D-3402F57E1785} = {16B0AC46-7D8F-44D3-B60B-0EAF796DB86B}
		{DC56D3C1-990B-4A01-9996-7F0DAE58CFA3} = {16B0AC46-7D8F-44D3-B60B-0EAF796DB86B}
		{126992EA-BB05-4BF9-8133-750407CB98CC} = {16B0AC46-7D8F-44D3-B60B-0EAF796DB86B}
		{E061BD3F-178B-4EF1-B3D6-E063B4250FA4} = {16B0AC46-7D8F-44D3-B60B-0EAF796DB86B}
		{489DCBCB-C60D-4D20-9A1C-4F6ACA0D2C91} = {7519547E-1AF2-499D-B2C8-7B43EF1554E9}
		{D2060C60-834D-46F4-BBFB-7D21694D3111} = {7519547E-1AF2-499D-B2C8-7B43EF1554E9}
		{B75F1B47-44B1-415C-8ACF-76BF9AF77E10} = {7519547E-1AF2-499D-B2C8-7B43EF1554E9}
		{3423EC9A-52E4-4A4D-9753-EDEBC38785EF} = {D6618E34-3B27-400C-9065-D9734F8478DB}
		{5AC84D3E-3EBB-4BC0-9D59-481F3A909317} = {23B121DA-FD0E-45AF-B7B0-5033BFF520A4}
	EndGlobalSection
EndGlobal
