
Microsoft Visual Studio Solution File, Format Version 12.00
# Visual Studio Version 16
VisualStudioVersion = 16.0.30104.148
MinimumVisualStudioVersion = 10.0.40219.1
Project("{2150E333-8FDC-42A3-9474-1A3956D46DE8}") = "source", "source", "{A6EDBF1B-BD2B-4271-B7BC-DF35AEF7A30A}"
EndProject
Project("{2150E333-8FDC-42A3-9474-1A3956D46DE8}") = "plugins", "plugins", "{16B0AC46-7D8F-44D3-B60B-0EAF796DB86B}"
EndProject
Project("{2150E333-8FDC-42A3-9474-1A3956D46DE8}") = "1stparty", "1stparty", "{7519547E-1AF2-499D-B2C8-7B43EF1554E9}"
EndProject
Project("{8BC9CEB8-8B4A-11D0-8D11-00A0C91BC942}") = "license creator", "1stparty\license creator\license creator.vcxproj", "{B12702AD-ABFB-343A-A199-8E24837244A3}"
EndProject
Project("{8BC9CEB8-8B4A-11D0-8D11-00A0C91BC942}") = "rsa", "1stparty\rsa\rsa.vcxproj", "{FA557EB5-6D73-4647-835E-2E21FFE41F0C}"
EndProject
Project("{8BC9CEB8-8B4A-11D0-8D11-00A0C91BC942}") = "RSA key generator", "1stparty\RSA key generator\RSA key generator.vcxproj", "{7341A11A-C697-4D27-A1D9-8F71EF9124B5}"
EndProject
Project("{8BC9CEB8-8B4A-11D0-8D11-00A0C91BC942}") = "VocabularyMaster", "source\VocabularyMaster.vcxproj", "{AE8D00E5-E6F2-41BC-AAE5-954585329B07}"
EndProject
Project("{8BC9CEB8-8B4A-11D0-8D11-00A0C91BC942}") = "exp-html", "plugins\exp-html\exp-html.vcxproj", "{7E1B06B9-7D59-4F26-8BD5-8A66DBCB99D8}"
EndProject
Project("{8BC9CEB8-8B4A-11D0-8D11-00A0C91BC942}") = "exp-pdf", "plugins\exp-pdf\exp-pdf.vcxproj", "{4190529F-E47A-458C-9259-3FBAA20381BD}"
EndProject
Project("{8BC9CEB8-8B4A-11D0-8D11-00A0C91BC942}") = "exp-plaintext", "plugins\exp-plaintext\exp-plaintext.vcxproj", "{BF01CC9E-1BA5-4D16-A528-B19EADF326C6}"
EndProject
Project("{8BC9CEB8-8B4A-11D0-8D11-00A0C91BC942}") = "imp-anki", "plugins\imp-anki\imp-anki.vcxproj", "{2C2569A4-CFBC-4C8F-BA00-5A85203D9D3D}"
EndProject
Project("{8BC9CEB8-8B4A-11D0-8D11-00A0C91BC942}") = "imp-plaintext", "plugins\imp-plaintext\imp-plaintext.vcxproj", "{229CE2D1-5FE0-4944-92D6-C502FC397F2D}"
EndProject
Project("{8BC9CEB8-8B4A-11D0-8D11-00A0C91BC942}") = "tts-openjtalk", "plugins\tts-openjtalk\tts-openjtalk.vcxproj", "{FDAF15A4-D6A7-45BE-97D7-639DEF84582B}"
EndProject
Project("{8BC9CEB8-8B4A-11D0-8D11-00A0C91BC942}") = "tts-sapi", "plugins\tts-sapi\tts-sapi.vcxproj", "{50D381F9-7A0C-4769-A830-8DC75BED7130}"
EndProject
Global
	GlobalSection(SolutionConfigurationPlatforms) = preSolution
		Debug|Win32 = Debug|Win32
		Release|Win32 = Release|Win32
	EndGlobalSection
	GlobalSection(ProjectConfigurationPlatforms) = postSolution
		{B12702AD-ABFB-343A-A199-8E24837244A3}.Debug|Win32.ActiveCfg = Debug|Win32
		{B12702AD-ABFB-343A-A199-8E24837244A3}.Release|Win32.ActiveCfg = Release|Win32
		{FA557EB5-6D73-4647-835E-2E21FFE41F0C}.Debug|Win32.ActiveCfg = Debug|Win32
		{FA557EB5-6D73-4647-835E-2E21FFE41F0C}.Release|Win32.ActiveCfg = Release|Win32
		{7341A11A-C697-4D27-A1D9-8F71EF9124B5}.Debug|Win32.ActiveCfg = Debug|Win32
		{7341A11A-C697-4D27-A1D9-8F71EF9124B5}.Release|Win32.ActiveCfg = Release|Win32
		{AE8D00E5-E6F2-41BC-AAE5-954585329B07}.Debug|Win32.ActiveCfg = Debug|Win32
		{AE8D00E5-E6F2-41BC-AAE5-954585329B07}.Debug|Win32.Build.0 = Debug|Win32
		{AE8D00E5-E6F2-41BC-AAE5-954585329B07}.Release|Win32.ActiveCfg = Release|Win32
		{AE8D00E5-E6F2-41BC-AAE5-954585329B07}.Release|Win32.Build.0 = Release|Win32
		{7E1B06B9-7D59-4F26-8BD5-8A66DBCB99D8}.Debug|Win32.ActiveCfg = Debug|Win32
		{7E1B06B9-7D59-4F26-8BD5-8A66DBCB99D8}.Debug|Win32.Build.0 = Debug|Win32
		{7E1B06B9-7D59-4F26-8BD5-8A66DBCB99D8}.Release|Win32.ActiveCfg = Release|Win32
		{7E1B06B9-7D59-4F26-8BD5-8A66DBCB99D8}.Release|Win32.Build.0 = Release|Win32
		{4190529F-E47A-458C-9259-3FBAA20381BD}.Debug|Win32.ActiveCfg = Debug|Win32
		{4190529F-E47A-458C-9259-3FBAA20381BD}.Debug|Win32.Build.0 = Debug|Win32
		{4190529F-E47A-458C-9259-3FBAA20381BD}.Release|Win32.ActiveCfg = Release|Win32
		{4190529F-E47A-458C-9259-3FBAA20381BD}.Release|Win32.Build.0 = Release|Win32
		{BF01CC9E-1BA5-4D16-A528-B19EADF326C6}.Debug|Win32.ActiveCfg = Debug|Win32
		{BF01CC9E-1BA5-4D16-A528-B19EADF326C6}.Debug|Win32.Build.0 = Debug|Win32
		{BF01CC9E-1BA5-4D16-A528-B19EADF326C6}.Release|Win32.ActiveCfg = Release|Win32
		{BF01CC9E-1BA5-4D16-A528-B19EADF326C6}.Release|Win32.Build.0 = Release|Win32
		{2C2569A4-CFBC-4C8F-BA00-5A85203D9D3D}.Debug|Win32.ActiveCfg = Debug|Win32
		{2C2569A4-CFBC-4C8F-BA00-5A85203D9D3D}.Debug|Win32.Build.0 = Debug|Win32
		{2C2569A4-CFBC-4C8F-BA00-5A85203D9D3D}.Release|Win32.ActiveCfg = Release|Win32
		{2C2569A4-CFBC-4C8F-BA00-5A85203D9D3D}.Release|Win32.Build.0 = Release|Win32
		{229CE2D1-5FE0-4944-92D6-C502FC397F2D}.Debug|Win32.ActiveCfg = Debug|Win32
		{229CE2D1-5FE0-4944-92D6-C502FC397F2D}.Debug|Win32.Build.0 = Debug|Win32
		{229CE2D1-5FE0-4944-92D6-C502FC397F2D}.Release|Win32.ActiveCfg = Release|Win32
		{229CE2D1-5FE0-4944-92D6-C502FC397F2D}.Release|Win32.Build.0 = Release|Win32
		{FDAF15A4-D6A7-45BE-97D7-639DEF84582B}.Debug|Win32.ActiveCfg = Debug|Win32
		{FDAF15A4-D6A7-45BE-97D7-639DEF84582B}.Debug|Win32.Build.0 = Debug|Win32
		{FDAF15A4-D6A7-45BE-97D7-639DEF84582B}.Release|Win32.ActiveCfg = Release|Win32
		{FDAF15A4-D6A7-45BE-97D7-639DEF84582B}.Release|Win32.Build.0 = Release|Win32
		{50D381F9-7A0C-4769-A830-8DC75BED7130}.Debug|Win32.ActiveCfg = Debug|Win32
		{50D381F9-7A0C-4769-A830-8DC75BED7130}.Debug|Win32.Build.0 = Debug|Win32
		{50D381F9-7A0C-4769-A830-8DC75BED7130}.Release|Win32.ActiveCfg = Release|Win32
		{50D381F9-7A0C-4769-A830-8DC75BED7130}.Release|Win32.Build.0 = Release|Win32
	EndGlobalSection
	GlobalSection(SolutionProperties) = preSolution
		HideSolutionNode = FALSE
	EndGlobalSection
	GlobalSection(NestedProjects) = preSolution
		{B12702AD-ABFB-343A-A199-8E24837244A3} = {7519547E-1AF2-499D-B2C8-7B43EF1554E9}
		{FA557EB5-6D73-4647-835E-2E21FFE41F0C} = {7519547E-1AF2-499D-B2C8-7B43EF1554E9}
		{7341A11A-C697-4D27-A1D9-8F71EF9124B5} = {7519547E-1AF2-499D-B2C8-7B43EF1554E9}
		{AE8D00E5-E6F2-41BC-AAE5-954585329B07} = {A6EDBF1B-BD2B-4271-B7BC-DF35AEF7A30A}
		{7E1B06B9-7D59-4F26-8BD5-8A66DBCB99D8} = {16B0AC46-7D8F-44D3-B60B-0EAF796DB86B}
		{4190529F-E47A-458C-9259-3FBAA20381BD} = {16B0AC46-7D8F-44D3-B60B-0EAF796DB86B}
		{BF01CC9E-1BA5-4D16-A528-B19EADF326C6} = {16B0AC46-7D8F-44D3-B60B-0EAF796DB86B}
		{2C2569A4-CFBC-4C8F-BA00-5A85203D9D3D} = {16B0AC46-7D8F-44D3-B60B-0EAF796DB86B}
		{229CE2D1-5FE0-4944-92D6-C502FC397F2D} = {16B0AC46-7D8F-44D3-B60B-0EAF796DB86B}
		{FDAF15A4-D6A7-45BE-97D7-639DEF84582B} = {16B0AC46-7D8F-44D3-B60B-0EAF796DB86B}
		{50D381F9-7A0C-4769-A830-8DC75BED7130} = {16B0AC46-7D8F-44D3-B60B-0EAF796DB86B}
	EndGlobalSection
	GlobalSection(ExtensibilityGlobals) = postSolution
		SolutionGuid = {503A8256-380B-46B7-B0D5-FC51D7F1D450}
	EndGlobalSection
EndGlobal
